
Microsoft Visual Studio Solution File, Format Version 11.00
# Visual Studio 2010
Project("{FAE04EC0-301F-11D3-BF4B-00C04F79EFBC}") = "client", "client\client.csproj", "{AF53B003-0583-4A31-B89B-5036EB46A3A1}"
EndProject
Project("{FAE04EC0-301F-11D3-BF4B-00C04F79EFBC}") = "sample", "sample\sample.csproj", "{38597624-3D33-40D7-B8C0-D0F40CC8743E}"
EndProject
Project("{2150E333-8FDC-42A3-9474-1A3956D46DE8}") = "solution", "solution", "{16028A17-2616-4AD4-B753-50720ED569FA}"
	ProjectSection(SolutionItems) = preProject
		..\build.cmd = ..\build.cmd
		..\readme.markdown = ..\readme.markdown
	EndProjectSection
EndProject
Project("{FAE04EC0-301F-11D3-BF4B-00C04F79EFBC}") = "mongodb", "mongodb\mongodb.csproj", "{080ECEB0-1244-44B5-9BD9-B8BA22E061CA}"
EndProject
Project("{2150E333-8FDC-42A3-9474-1A3956D46DE8}") = "package", "package", "{07A74099-6EAE-4899-ADF9-9389C24E9B87}"
	ProjectSection(SolutionItems) = preProject
		..\pkg\embedly-dotnet.mongodb.nuspec = ..\pkg\embedly-dotnet.mongodb.nuspec
		..\pkg\embedly-dotnet.nuspec = ..\pkg\embedly-dotnet.nuspec
		..\pkg\logo.png = ..\pkg\logo.png
	EndProjectSection
EndProject
Project("{2150E333-8FDC-42A3-9474-1A3956D46DE8}") = ".nuget", ".nuget", "{6A326B26-2D95-4D58-A819-DED71561A6AC}"
	ProjectSection(SolutionItems) = preProject
		.nuget\NuGet.Config = .nuget\NuGet.Config
		.nuget\NuGet.exe = .nuget\NuGet.exe
		.nuget\NuGet.targets = .nuget\NuGet.targets
	EndProjectSection
EndProject
Global
	GlobalSection(SolutionConfigurationPlatforms) = preSolution
		Debug|Any CPU = Debug|Any CPU
		Debug|Mixed Platforms = Debug|Mixed Platforms
		Release|Any CPU = Release|Any CPU
		Release|Mixed Platforms = Release|Mixed Platforms
	EndGlobalSection
	GlobalSection(ProjectConfigurationPlatforms) = postSolution
		{AF53B003-0583-4A31-B89B-5036EB46A3A1}.Debug|Any CPU.ActiveCfg = Debug|Any CPU
		{AF53B003-0583-4A31-B89B-5036EB46A3A1}.Debug|Any CPU.Build.0 = Debug|Any CPU
		{AF53B003-0583-4A31-B89B-5036EB46A3A1}.Debug|Mixed Platforms.ActiveCfg = Debug|Any CPU
		{AF53B003-0583-4A31-B89B-5036EB46A3A1}.Debug|Mixed Platforms.Build.0 = Debug|Any CPU
		{AF53B003-0583-4A31-B89B-5036EB46A3A1}.Release|Any CPU.ActiveCfg = Release|Any CPU
		{AF53B003-0583-4A31-B89B-5036EB46A3A1}.Release|Any CPU.Build.0 = Release|Any CPU
		{AF53B003-0583-4A31-B89B-5036EB46A3A1}.Release|Mixed Platforms.ActiveCfg = Release|Any CPU
		{AF53B003-0583-4A31-B89B-5036EB46A3A1}.Release|Mixed Platforms.Build.0 = Release|Any CPU
		{38597624-3D33-40D7-B8C0-D0F40CC8743E}.Debug|Any CPU.ActiveCfg = Debug|x86
		{38597624-3D33-40D7-B8C0-D0F40CC8743E}.Debug|Mixed Platforms.ActiveCfg = Debug|Any CPU
		{38597624-3D33-40D7-B8C0-D0F40CC8743E}.Debug|Mixed Platforms.Build.0 = Debug|Any CPU
		{38597624-3D33-40D7-B8C0-D0F40CC8743E}.Release|Any CPU.ActiveCfg = Release|x86
		{38597624-3D33-40D7-B8C0-D0F40CC8743E}.Release|Mixed Platforms.ActiveCfg = Release|x86
		{38597624-3D33-40D7-B8C0-D0F40CC8743E}.Release|Mixed Platforms.Build.0 = Release|x86
		{080ECEB0-1244-44B5-9BD9-B8BA22E061CA}.Debug|Any CPU.ActiveCfg = Debug|Any CPU
		{080ECEB0-1244-44B5-9BD9-B8BA22E061CA}.Debug|Any CPU.Build.0 = Debug|Any CPU
		{080ECEB0-1244-44B5-9BD9-B8BA22E061CA}.Debug|Mixed Platforms.ActiveCfg = Debug|Any CPU
		{080ECEB0-1244-44B5-9BD9-B8BA22E061CA}.Debug|Mixed Platforms.Build.0 = Debug|Any CPU
		{080ECEB0-1244-44B5-9BD9-B8BA22E061CA}.Release|Any CPU.ActiveCfg = Release|Any CPU
		{080ECEB0-1244-44B5-9BD9-B8BA22E061CA}.Release|Any CPU.Build.0 = Release|Any CPU
		{080ECEB0-1244-44B5-9BD9-B8BA22E061CA}.Release|Mixed Platforms.ActiveCfg = Release|Any CPU
		{080ECEB0-1244-44B5-9BD9-B8BA22E061CA}.Release|Mixed Platforms.Build.0 = Release|Any CPU
	EndGlobalSection
	GlobalSection(SolutionProperties) = preSolution
		HideSolutionNode = FALSE
	EndGlobalSection
EndGlobal
